
Microsoft Visual Studio Solution File, Format Version 12.00
# Visual Studio Version 17
VisualStudioVersion = 17.6.33829.357
MinimumVisualStudioVersion = 10.0.40219.1
Project("{FAE04EC0-301F-11D3-BF4B-00C04F79EFBC}") = "PbSofttek", "PbSofttek.csproj", "{53F63547-ABB6-4BD6-8379-FD247DFF334F}"
EndProject
Global
	GlobalSection(SolutionConfigurationPlatforms) = preSolution
		Debug|Any CPU = Debug|Any CPU
		Release|Any CPU = Release|Any CPU
	EndGlobalSection
	GlobalSection(ProjectConfigurationPlatforms) = postSolution
		{53F63547-ABB6-4BD6-8379-FD247DFF334F}.Debug|Any CPU.ActiveCfg = Debug|Any CPU
		{53F63547-ABB6-4BD6-8379-FD247DFF334F}.Debug|Any CPU.Build.0 = Debug|Any CPU
		{53F63547-ABB6-4BD6-8379-FD247DFF334F}.Release|Any CPU.ActiveCfg = Release|Any CPU
		{53F63547-ABB6-4BD6-8379-FD247DFF334F}.Release|Any CPU.Build.0 = Release|Any CPU
	EndGlobalSection
	GlobalSection(SolutionProperties) = preSolution
		HideSolutionNode = FALSE
	EndGlobalSection
	GlobalSection(ExtensibilityGlobals) = postSolution
		SolutionGuid = {6801B4E0-A274-42A1-ABD0-BA9C2EB5448A}
	EndGlobalSection
EndGlobal
